{
  "version": 4,
  "terraform_version": "1.8.5",
  "serial": 23,
  "lineage": "6b8d02e7-edf1-4e9b-0a79-7a237806db47",
  "outputs": {
    "grafana_release_status": {
      "value": "deployed",
      "type": "string"
    },
    "loki_release_status": {
      "value": "deployed",
      "type": "string"
    },
    "mimir_release_status": {
      "value": "deployed",
      "type": "string"
    },
    "tempo_release_status": {
      "value": "deployed",
      "type": "string"
    }
  },
  "resources": [
    {
      "mode": "managed",
      "type": "helm_release",
      "name": "grafana",
      "provider": "provider[\"registry.terraform.io/hashicorp/helm\"]",
      "instances": [
        {
          "schema_version": 1,
          "attributes": {
            "atomic": false,
            "chart": "grafana",
            "cleanup_on_fail": false,
            "create_namespace": true,
            "dependency_update": false,
            "description": null,
            "devel": null,
            "disable_crd_hooks": false,
            "disable_openapi_validation": false,
            "disable_webhooks": false,
            "force_update": false,
            "id": "grafana",
            "keyring": null,
            "lint": false,
            "manifest": null,
            "max_history": 0,
            "metadata": [
              {
                "app_version": "10.1.4",
                "chart": "grafana",
                "name": "grafana",
                "namespace": "observability",
                "revision": 3,
                "values": "{\"adminPassword\":\"admin123\",\"adminUser\":\"admin\",\"datasources\":{\"datasources.yaml\":{\"apiVersion\":1,\"datasources\":[{\"access\":\"proxy\",\"editable\":true,\"isDefault\":true,\"name\":\"Prometheus\",\"type\":\"prometheus\",\"url\":\"http://prometheus-server.observability.svc.cluster.local\"}]}},\"persistence\":{\"enabled\":false},\"service\":{\"type\":\"LoadBalancer\"},\"sidecar\":{\"datasources\":{\"enabled\":true,\"label\":\"grafana_datasource\",\"searchNamespace\":\"observability\"}}}",
                "version": "6.60.5"
              }
            ],
            "name": "grafana",
            "namespace": "observability",
            "pass_credentials": false,
            "postrender": [],
            "recreate_pods": false,
            "render_subchart_notes": true,
            "replace": false,
            "repository": "https://grafana.github.io/helm-charts",
            "repository_ca_file": null,
            "repository_cert_file": null,
            "repository_key_file": null,
            "repository_password": null,
            "repository_username": null,
            "reset_values": false,
            "reuse_values": false,
            "set": [],
            "set_list": [],
            "set_sensitive": [],
            "skip_crds": false,
            "status": "deployed",
            "timeout": 300,
            "values": [
              "persistence:\n  enabled: false\n\nservice:\n  type: LoadBalancer\n\nadminUser: admin\nadminPassword: admin123\n\ndatasources:\n  datasources.yaml:\n    apiVersion: 1\n    datasources:\n      - name: Prometheus\n        type: prometheus\n        access: proxy\n        url: http://prometheus-server.observability.svc.cluster.local\n        isDefault: true\n        editable: true\n\nsidecar:\n  datasources:\n    enabled: true\n    label: grafana_datasource\n    searchNamespace: \"observability\"\n\n"
            ],
            "verify": false,
            "version": "6.60.5",
            "wait": true,
            "wait_for_jobs": false
          },
          "sensitive_attributes": [
            [
              {
                "type": "get_attr",
                "value": "repository_password"
              }
            ]
          ],
          "private": "eyJzY2hlbWFfdmVyc2lvbiI6IjEifQ=="
        }
      ]
    },
    {
      "mode": "managed",
      "type": "helm_release",
      "name": "loki",
      "provider": "provider[\"registry.terraform.io/hashicorp/helm\"]",
      "instances": [
        {
          "status": "tainted",
          "schema_version": 1,
          "attributes": {
            "atomic": false,
            "chart": "loki",
            "cleanup_on_fail": false,
            "create_namespace": true,
            "dependency_update": false,
            "description": null,
            "devel": null,
            "disable_crd_hooks": false,
            "disable_openapi_validation": false,
            "disable_webhooks": false,
            "force_update": false,
            "id": "loki",
            "keyring": null,
            "lint": false,
            "manifest": null,
            "max_history": 0,
            "metadata": [
              {
                "app_version": "2.9.3",
                "chart": "loki",
                "name": "loki",
                "namespace": "observability",
                "revision": 1,
                "values": "{\"backend\":{\"replicas\":3},\"gateway\":{\"enabled\":true},\"loki\":{\"commonConfig\":{\"replication_factor\":3},\"rulerConfig\":{\"alertmanager_url\":\"http://alertmanager:9093\"},\"schemaConfig\":{\"configs\":[{\"from\":\"2024-01-01\",\"index\":{\"period\":\"24h\",\"prefix\":\"index_\"},\"object_store\":\"s3\",\"schema\":\"v12\",\"store\":\"boltdb-shipper\"}]},\"storage\":{\"s3\":{\"accessKeyId\":\"\\u003cyour-access-key-id\\u003e\",\"bucketnames\":{\"admin\":\"loki-admin\",\"chunks\":\"loki-chunks\",\"ruler\":\"loki-ruler\"},\"endpoint\":\"s3.amazonaws.com\",\"insecure\":false,\"region\":\"us-east-1\",\"s3ForcePathStyle\":false,\"secretAccessKey\":\"\\u003cyour-secret-access-key\\u003e\"},\"type\":\"s3\"}},\"read\":{\"replicas\":3},\"write\":{\"replicas\":3}}",
                "version": "5.41.5"
              }
            ],
            "name": "loki",
            "namespace": "observability",
            "pass_credentials": false,
            "postrender": [],
            "recreate_pods": false,
            "render_subchart_notes": true,
            "replace": false,
            "repository": "https://grafana.github.io/helm-charts",
            "repository_ca_file": null,
            "repository_cert_file": null,
            "repository_key_file": null,
            "repository_password": null,
            "repository_username": null,
            "reset_values": false,
            "reuse_values": false,
            "set": [],
            "set_list": [],
            "set_sensitive": [],
            "skip_crds": false,
            "status": "failed",
            "timeout": 300,
            "values": [
              "loki:\n  commonConfig:\n    replication_factor: 3\n\n  storage:\n    type: \"s3\"\n    s3:\n      bucketnames:\n        chunks: \"loki-chunks\"\n        ruler: \"loki-ruler\"\n        admin: \"loki-admin\"\n      endpoint: \"s3.amazonaws.com\"\n      region: \"us-east-1\"\n      secretAccessKey: \"\u003cyour-secret-access-key\u003e\"\n      accessKeyId: \"\u003cyour-access-key-id\u003e\"\n      s3ForcePathStyle: false\n      insecure: false\n\n  schemaConfig:\n    configs:\n      - from: \"2024-01-01\"\n        store: \"boltdb-shipper\"\n        object_store: \"s3\"\n        schema: \"v12\"\n        index:\n          prefix: \"index_\"\n          period: \"24h\"\n\n  rulerConfig:\n    alertmanager_url: \"http://alertmanager:9093\"\n\nwrite:\n  replicas: 3\nread:\n  replicas: 3\nbackend:\n  replicas: 3\ngateway:\n  enabled: true\n\n"
            ],
            "verify": false,
            "version": "5.41.5",
            "wait": true,
            "wait_for_jobs": false
          },
          "sensitive_attributes": [
            [
              {
                "type": "get_attr",
                "value": "repository_password"
              }
            ]
          ],
          "private": "eyJzY2hlbWFfdmVyc2lvbiI6IjEifQ=="
        }
      ]
    },
    {
      "mode": "managed",
      "type": "helm_release",
      "name": "prometheus",
      "provider": "provider[\"registry.terraform.io/hashicorp/helm\"]",
      "instances": [
        {
          "schema_version": 1,
          "attributes": {
            "atomic": false,
            "chart": "prometheus",
            "cleanup_on_fail": false,
            "create_namespace": true,
            "dependency_update": false,
            "description": null,
            "devel": null,
            "disable_crd_hooks": false,
            "disable_openapi_validation": false,
            "disable_webhooks": false,
            "force_update": false,
            "id": "prometheus",
            "keyring": null,
            "lint": false,
            "manifest": null,
            "max_history": 0,
            "metadata": [
              {
                "app_version": "v2.50.1",
                "chart": "prometheus",
                "name": "prometheus",
                "namespace": "observability",
                "revision": 1,
                "values": "{\"alertmanager\":{\"enabled\":false},\"kubeStateMetrics\":{\"enabled\":false},\"nodeExporter\":{\"enabled\":false},\"pushgateway\":{\"enabled\":false},\"server\":{\"persistentVolume\":{\"enabled\":false},\"resources\":{\"limits\":{\"cpu\":\"100m\",\"memory\":\"200Mi\"},\"requests\":{\"cpu\":\"50m\",\"memory\":\"100Mi\"}},\"retention\":\"12h\"}}",
                "version": "25.17.0"
              }
            ],
            "name": "prometheus",
            "namespace": "observability",
            "pass_credentials": false,
            "postrender": [],
            "recreate_pods": false,
            "render_subchart_notes": true,
            "replace": false,
            "repository": "https://prometheus-community.github.io/helm-charts",
            "repository_ca_file": null,
            "repository_cert_file": null,
            "repository_key_file": null,
            "repository_password": null,
            "repository_username": null,
            "reset_values": false,
            "reuse_values": false,
            "set": [],
            "set_list": [],
            "set_sensitive": [],
            "skip_crds": false,
            "status": "deployed",
            "timeout": 300,
            "values": [
              "# prometheus-values.yaml\n\nalertmanager:\n  enabled: false\n\npushgateway:\n  enabled: false\n\nserver:\n  resources:\n    limits:\n      cpu: 100m\n      memory: 200Mi\n    requests:\n      cpu: 50m\n      memory: 100Mi\n  persistentVolume:\n    enabled: false\n  retention: \"12h\"\n\nnodeExporter:\n  enabled: false\n\nkubeStateMetrics:\n  enabled: false\n\n"
            ],
            "verify": false,
            "version": "25.17.0",
            "wait": true,
            "wait_for_jobs": false
          },
          "sensitive_attributes": [
            [
              {
                "type": "get_attr",
                "value": "repository_password"
              }
            ]
          ],
          "private": "eyJzY2hlbWFfdmVyc2lvbiI6IjEifQ=="
        }
      ]
    },
    {
      "mode": "managed",
      "type": "helm_release",
      "name": "tempo",
      "provider": "provider[\"registry.terraform.io/hashicorp/helm\"]",
      "instances": [
        {
          "schema_version": 1,
          "attributes": {
            "atomic": false,
            "chart": "tempo",
            "cleanup_on_fail": false,
            "create_namespace": true,
            "dependency_update": false,
            "description": null,
            "devel": null,
            "disable_crd_hooks": false,
            "disable_openapi_validation": false,
            "disable_webhooks": false,
            "force_update": false,
            "id": "tempo",
            "keyring": null,
            "lint": false,
            "manifest": null,
            "max_history": 0,
            "metadata": [
              {
                "app_version": "2.3.0",
                "chart": "tempo",
                "name": "tempo",
                "namespace": "observability",
                "revision": 1,
                "values": "{\"distributor\":{\"replicas\":1},\"ingester\":{\"replicas\":1},\"queryFrontend\":{\"replicas\":1},\"tempo\":{\"metricsGenerator\":{\"enabled\":true},\"searchEnabled\":true}}",
                "version": "1.7.0"
              }
            ],
            "name": "tempo",
            "namespace": "observability",
            "pass_credentials": false,
            "postrender": [],
            "recreate_pods": false,
            "render_subchart_notes": true,
            "replace": false,
            "repository": "https://grafana.github.io/helm-charts",
            "repository_ca_file": null,
            "repository_cert_file": null,
            "repository_key_file": null,
            "repository_password": null,
            "repository_username": null,
            "reset_values": false,
            "reuse_values": false,
            "set": [],
            "set_list": [],
            "set_sensitive": [],
            "skip_crds": false,
            "status": "deployed",
            "timeout": 300,
            "values": [
              "tempo:\n  searchEnabled: true\n  metricsGenerator:\n    enabled: true\n\ningester:\n  replicas: 1\n\ndistributor:\n  replicas: 1\n\nqueryFrontend:\n  replicas: 1\n\n"
            ],
            "verify": false,
            "version": "1.7.0",
            "wait": true,
            "wait_for_jobs": false
          },
          "sensitive_attributes": [
            [
              {
                "type": "get_attr",
                "value": "repository_password"
              }
            ]
          ],
          "private": "eyJzY2hlbWFfdmVyc2lvbiI6IjEifQ=="
        }
      ]
    }
  ],
  "check_results": null
}
